// !$*UTF8*$!
{
	archiveVersion = 1;
	classes = {
	};
	objectVersion = 56;
	objects = {

/* Begin PBXBuildFile section */
		614D0B7E2C283D2C0007DD9A /* SignInView.swift in Sources */ = {isa = PBXBuildFile; fileRef = 614D0B7D2C283D2C0007DD9A /* SignInView.swift */; };
		614D0B832C284B9C0007DD9A /* CustomTextField.swift in Sources */ = {isa = PBXBuildFile; fileRef = 614D0B822C284B9C0007DD9A /* CustomTextField.swift */; };
		614D0B852C285E990007DD9A /* Extensions.swift in Sources */ = {isa = PBXBuildFile; fileRef = 614D0B842C285E990007DD9A /* Extensions.swift */; };
		615325802C0D09980023C577 /* E_LibraryApp.swift in Sources */ = {isa = PBXBuildFile; fileRef = 6153257F2C0D09980023C577 /* E_LibraryApp.swift */; };
		615325822C0D09980023C577 /* ContentView.swift in Sources */ = {isa = PBXBuildFile; fileRef = 615325812C0D09980023C577 /* ContentView.swift */; };
		615325842C0D09990023C577 /* Assets.xcassets in Resources */ = {isa = PBXBuildFile; fileRef = 615325832C0D09990023C577 /* Assets.xcassets */; };
		615325872C0D09990023C577 /* Preview Assets.xcassets in Resources */ = {isa = PBXBuildFile; fileRef = 615325862C0D09990023C577 /* Preview Assets.xcassets */; };
		6153258F2C0D11990023C577 /* RiveRuntime in Frameworks */ = {isa = PBXBuildFile; productRef = 6153258E2C0D11990023C577 /* RiveRuntime */; };
		6153259A2C0D141A0023C577 /* button.riv in Resources */ = {isa = PBXBuildFile; fileRef = 615325922C0D141A0023C577 /* button.riv */; };
		6153259B2C0D141A0023C577 /* check.riv in Resources */ = {isa = PBXBuildFile; fileRef = 615325932C0D141A0023C577 /* check.riv */; };
		6153259C2C0D141A0023C577 /* confetti.riv in Resources */ = {isa = PBXBuildFile; fileRef = 615325942C0D141A0023C577 /* confetti.riv */; };
		6153259D2C0D141A0023C577 /* house.riv in Resources */ = {isa = PBXBuildFile; fileRef = 615325952C0D141A0023C577 /* house.riv */; };
		6153259E2C0D141A0023C577 /* icons.riv in Resources */ = {isa = PBXBuildFile; fileRef = 615325962C0D141A0023C577 /* icons.riv */; };
		6153259F2C0D141A0023C577 /* menu_button.riv in Resources */ = {isa = PBXBuildFile; fileRef = 615325972C0D141A0023C577 /* menu_button.riv */; };
		615325A02C0D141A0023C577 /* shapes.riv in Resources */ = {isa = PBXBuildFile; fileRef = 615325982C0D141A0023C577 /* shapes.riv */; };
		615325A52C0D17D10023C577 /* LoginView.swift in Sources */ = {isa = PBXBuildFile; fileRef = 615325A42C0D17D10023C577 /* LoginView.swift */; };
		615325AA2C0D9AA50023C577 /* Inter-Regular.ttf in Resources */ = {isa = PBXBuildFile; fileRef = 615325A62C0D9AA40023C577 /* Inter-Regular.ttf */; };
		615325AB2C0D9AA50023C577 /* Inter-SemiBold.ttf in Resources */ = {isa = PBXBuildFile; fileRef = 615325A72C0D9AA40023C577 /* Inter-SemiBold.ttf */; };
		615325AC2C0D9AA50023C577 /* Poppins-Bold.ttf in Resources */ = {isa = PBXBuildFile; fileRef = 615325A82C0D9AA40023C577 /* Poppins-Bold.ttf */; };
		615325B52C0DA2B10023C577 /* CustomFont.swift in Sources */ = {isa = PBXBuildFile; fileRef = 615325B42C0DA2B10023C577 /* CustomFont.swift */; };
		61A47E5F2C6C652900D7709E /* ImagePicker.swift in Sources */ = {isa = PBXBuildFile; fileRef = 61A47E5E2C6C652900D7709E /* ImagePicker.swift */; };
		61F76FC42C4570C7004F152A /* TabBar.swift in Sources */ = {isa = PBXBuildFile; fileRef = 61F76FC32C4570C7004F152A /* TabBar.swift */; };
		61F76FCD2C459D48004F152A /* Home.swift in Sources */ = {isa = PBXBuildFile; fileRef = 61F76FCC2C459D48004F152A /* Home.swift */; };
		61F76FCF2C459D81004F152A /* Section.swift in Sources */ = {isa = PBXBuildFile; fileRef = 61F76FCE2C459D81004F152A /* Section.swift */; };
		61F76FD42C45AFB1004F152A /* PopularCard.swift in Sources */ = {isa = PBXBuildFile; fileRef = 61F76FD32C45AFB1004F152A /* PopularCard.swift */; };
		61F76FD62C45AFBB004F152A /* ListCard.swift in Sources */ = {isa = PBXBuildFile; fileRef = 61F76FD52C45AFBB004F152A /* ListCard.swift */; };
		61F76FD82C45B2C5004F152A /* HomeView.swift in Sources */ = {isa = PBXBuildFile; fileRef = 61F76FD72C45B2C5004F152A /* HomeView.swift */; };
		61F76FDA2C45B438004F152A /* SideMenu.swift in Sources */ = {isa = PBXBuildFile; fileRef = 61F76FD92C45B438004F152A /* SideMenu.swift */; };
		61F76FDC2C45D913004F152A /* CategoryView.swift in Sources */ = {isa = PBXBuildFile; fileRef = 61F76FDB2C45D913004F152A /* CategoryView.swift */; };
		61FD9CEC2C5E786D007C4E8C /* Category.swift in Sources */ = {isa = PBXBuildFile; fileRef = 61FD9CEB2C5E786D007C4E8C /* Category.swift */; };
		61FD9CEE2C5E79B0007C4E8C /* WaveShape.swift in Sources */ = {isa = PBXBuildFile; fileRef = 61FD9CED2C5E79B0007C4E8C /* WaveShape.swift */; };
/* End PBXBuildFile section */

/* Begin PBXFileReference section */
		614D0B7D2C283D2C0007DD9A /* SignInView.swift */ = {isa = PBXFileReference; lastKnownFileType = sourcecode.swift; path = SignInView.swift; sourceTree = "<group>"; };
		614D0B822C284B9C0007DD9A /* CustomTextField.swift */ = {isa = PBXFileReference; lastKnownFileType = sourcecode.swift; path = CustomTextField.swift; sourceTree = "<group>"; };
		614D0B842C285E990007DD9A /* Extensions.swift */ = {isa = PBXFileReference; lastKnownFileType = sourcecode.swift; path = Extensions.swift; sourceTree = "<group>"; };
		6153257C2C0D09980023C577 /* E-Library.app */ = {isa = PBXFileReference; explicitFileType = wrapper.application; includeInIndex = 0; path = "E-Library.app"; sourceTree = BUILT_PRODUCTS_DIR; };
		6153257F2C0D09980023C577 /* E_LibraryApp.swift */ = {isa = PBXFileReference; lastKnownFileType = sourcecode.swift; path = E_LibraryApp.swift; sourceTree = "<group>"; };
		615325812C0D09980023C577 /* ContentView.swift */ = {isa = PBXFileReference; lastKnownFileType = sourcecode.swift; path = ContentView.swift; sourceTree = "<group>"; };
		615325832C0D09990023C577 /* Assets.xcassets */ = {isa = PBXFileReference; lastKnownFileType = folder.assetcatalog; path = Assets.xcassets; sourceTree = "<group>"; };
		615325862C0D09990023C577 /* Preview Assets.xcassets */ = {isa = PBXFileReference; lastKnownFileType = folder.assetcatalog; path = "Preview Assets.xcassets"; sourceTree = "<group>"; };
		615325922C0D141A0023C577 /* button.riv */ = {isa = PBXFileReference; lastKnownFileType = file; path = button.riv; sourceTree = "<group>"; };
		615325932C0D141A0023C577 /* check.riv */ = {isa = PBXFileReference; lastKnownFileType = file; path = check.riv; sourceTree = "<group>"; };
		615325942C0D141A0023C577 /* confetti.riv */ = {isa = PBXFileReference; lastKnownFileType = file; path = confetti.riv; sourceTree = "<group>"; };
		615325952C0D141A0023C577 /* house.riv */ = {isa = PBXFileReference; lastKnownFileType = file; path = house.riv; sourceTree = "<group>"; };
		615325962C0D141A0023C577 /* icons.riv */ = {isa = PBXFileReference; lastKnownFileType = file; path = icons.riv; sourceTree = "<group>"; };
		615325972C0D141A0023C577 /* menu_button.riv */ = {isa = PBXFileReference; lastKnownFileType = file; path = menu_button.riv; sourceTree = "<group>"; };
		615325982C0D141A0023C577 /* shapes.riv */ = {isa = PBXFileReference; lastKnownFileType = file; path = shapes.riv; sourceTree = "<group>"; };
		615325A42C0D17D10023C577 /* LoginView.swift */ = {isa = PBXFileReference; lastKnownFileType = sourcecode.swift; path = LoginView.swift; sourceTree = "<group>"; };
		615325A62C0D9AA40023C577 /* Inter-Regular.ttf */ = {isa = PBXFileReference; lastKnownFileType = file; path = "Inter-Regular.ttf"; sourceTree = "<group>"; };
		615325A72C0D9AA40023C577 /* Inter-SemiBold.ttf */ = {isa = PBXFileReference; lastKnownFileType = file; path = "Inter-SemiBold.ttf"; sourceTree = "<group>"; };
		615325A82C0D9AA40023C577 /* Poppins-Bold.ttf */ = {isa = PBXFileReference; lastKnownFileType = file; path = "Poppins-Bold.ttf"; sourceTree = "<group>"; };
		615325AD2C0D9BF70023C577 /* Info.plist */ = {isa = PBXFileReference; lastKnownFileType = text.plist; path = Info.plist; sourceTree = "<group>"; };
		615325B42C0DA2B10023C577 /* CustomFont.swift */ = {isa = PBXFileReference; lastKnownFileType = sourcecode.swift; path = CustomFont.swift; sourceTree = "<group>"; };
		61A47E5E2C6C652900D7709E /* ImagePicker.swift */ = {isa = PBXFileReference; lastKnownFileType = sourcecode.swift; path = ImagePicker.swift; sourceTree = "<group>"; };
		61F76FC32C4570C7004F152A /* TabBar.swift */ = {isa = PBXFileReference; lastKnownFileType = sourcecode.swift; path = TabBar.swift; sourceTree = "<group>"; };
		61F76FCC2C459D48004F152A /* Home.swift */ = {isa = PBXFileReference; lastKnownFileType = sourcecode.swift; path = Home.swift; sourceTree = "<group>"; };
		61F76FCE2C459D81004F152A /* Section.swift */ = {isa = PBXFileReference; lastKnownFileType = sourcecode.swift; path = Section.swift; sourceTree = "<group>"; };
		61F76FD32C45AFB1004F152A /* PopularCard.swift */ = {isa = PBXFileReference; lastKnownFileType = sourcecode.swift; path = PopularCard.swift; sourceTree = "<group>"; };
		61F76FD52C45AFBB004F152A /* ListCard.swift */ = {isa = PBXFileReference; lastKnownFileType = sourcecode.swift; path = ListCard.swift; sourceTree = "<group>"; };
		61F76FD72C45B2C5004F152A /* HomeView.swift */ = {isa = PBXFileReference; lastKnownFileType = sourcecode.swift; path = HomeView.swift; sourceTree = "<group>"; };
		61F76FD92C45B438004F152A /* SideMenu.swift */ = {isa = PBXFileReference; lastKnownFileType = sourcecode.swift; path = SideMenu.swift; sourceTree = "<group>"; };
		61F76FDB2C45D913004F152A /* CategoryView.swift */ = {isa = PBXFileReference; lastKnownFileType = sourcecode.swift; path = CategoryView.swift; sourceTree = "<group>"; };
		61FD9CEB2C5E786D007C4E8C /* Category.swift */ = {isa = PBXFileReference; lastKnownFileType = sourcecode.swift; path = Category.swift; sourceTree = "<group>"; };
		61FD9CED2C5E79B0007C4E8C /* WaveShape.swift */ = {isa = PBXFileReference; lastKnownFileType = sourcecode.swift; path = WaveShape.swift; sourceTree = "<group>"; };
/* End PBXFileReference section */

/* Begin PBXFrameworksBuildPhase section */
		615325792C0D09980023C577 /* Frameworks */ = {
			isa = PBXFrameworksBuildPhase;
			buildActionMask = 2147483647;
			files = (
				6153258F2C0D11990023C577 /* RiveRuntime in Frameworks */,
			);
			runOnlyForDeploymentPostprocessing = 0;
		};
/* End PBXFrameworksBuildPhase section */

/* Begin PBXGroup section */
		614D0B862C2929860007DD9A /* Style */ = {
			isa = PBXGroup;
			children = (
				614D0B822C284B9C0007DD9A /* CustomTextField.swift */,
				614D0B842C285E990007DD9A /* Extensions.swift */,
				61FD9CED2C5E79B0007C4E8C /* WaveShape.swift */,
				61A47E5E2C6C652900D7709E /* ImagePicker.swift */,
			);
			path = Style;
			sourceTree = "<group>";
		};
		615325732C0D09980023C577 = {
			isa = PBXGroup;
			children = (
				6153257E2C0D09980023C577 /* E-Library */,
				6153257D2C0D09980023C577 /* Products */,
			);
			sourceTree = "<group>";
		};
		6153257D2C0D09980023C577 /* Products */ = {
			isa = PBXGroup;
			children = (
				6153257C2C0D09980023C577 /* E-Library.app */,
			);
			name = Products;
			sourceTree = "<group>";
		};
		6153257E2C0D09980023C577 /* E-Library */ = {
			isa = PBXGroup;
			children = (
				615325AD2C0D9BF70023C577 /* Info.plist */,
				61F76FCB2C459D2A004F152A /* Model */,
				614D0B862C2929860007DD9A /* Style */,
				615325A22C0D17A80023C577 /* View */,
				6153257F2C0D09980023C577 /* E_LibraryApp.swift */,
				615325812C0D09980023C577 /* ContentView.swift */,
				615325832C0D09990023C577 /* Assets.xcassets */,
				615325A92C0D9AA40023C577 /* Fonts */,
				615325992C0D141A0023C577 /* RiveAssets */,
				615325852C0D09990023C577 /* Preview Content */,
			);
			path = "E-Library";
			sourceTree = "<group>";
		};
		615325852C0D09990023C577 /* Preview Content */ = {
			isa = PBXGroup;
			children = (
				615325862C0D09990023C577 /* Preview Assets.xcassets */,
			);
			path = "Preview Content";
			sourceTree = "<group>";
		};
		615325992C0D141A0023C577 /* RiveAssets */ = {
			isa = PBXGroup;
			children = (
				615325922C0D141A0023C577 /* button.riv */,
				615325932C0D141A0023C577 /* check.riv */,
				615325942C0D141A0023C577 /* confetti.riv */,
				615325952C0D141A0023C577 /* house.riv */,
				615325962C0D141A0023C577 /* icons.riv */,
				615325972C0D141A0023C577 /* menu_button.riv */,
				615325982C0D141A0023C577 /* shapes.riv */,
			);
			path = RiveAssets;
			sourceTree = "<group>";
		};
		615325A22C0D17A80023C577 /* View */ = {
			isa = PBXGroup;
			children = (
				61F76FD22C45AF8C004F152A /* Cells */,
				61F76FC22C4570B1004F152A /* Navigation */,
				615325A32C0D17BD0023C577 /* Screen */,
			);
			path = View;
			sourceTree = "<group>";
		};
		615325A32C0D17BD0023C577 /* Screen */ = {
			isa = PBXGroup;
			children = (
				614D0B7D2C283D2C0007DD9A /* SignInView.swift */,
				615325A42C0D17D10023C577 /* LoginView.swift */,
				61F76FD72C45B2C5004F152A /* HomeView.swift */,
				61F76FDB2C45D913004F152A /* CategoryView.swift */,
			);
			path = Screen;
			sourceTree = "<group>";
		};
		615325A92C0D9AA40023C577 /* Fonts */ = {
			isa = PBXGroup;
			children = (
				615325A62C0D9AA40023C577 /* Inter-Regular.ttf */,
				615325A72C0D9AA40023C577 /* Inter-SemiBold.ttf */,
				615325A82C0D9AA40023C577 /* Poppins-Bold.ttf */,
				615325B42C0DA2B10023C577 /* CustomFont.swift */,
			);
			path = Fonts;
			sourceTree = "<group>";
		};
		61F76FC22C4570B1004F152A /* Navigation */ = {
			isa = PBXGroup;
			children = (
				61F76FC32C4570C7004F152A /* TabBar.swift */,
				61F76FD92C45B438004F152A /* SideMenu.swift */,
			);
			path = Navigation;
			sourceTree = "<group>";
		};
		61F76FCB2C459D2A004F152A /* Model */ = {
			isa = PBXGroup;
			children = (
				61F76FCC2C459D48004F152A /* Home.swift */,
				61F76FCE2C459D81004F152A /* Section.swift */,
				61FD9CEB2C5E786D007C4E8C /* Category.swift */,
			);
			path = Model;
			sourceTree = "<group>";
		};
		61F76FD22C45AF8C004F152A /* Cells */ = {
			isa = PBXGroup;
			children = (
				61F76FD32C45AFB1004F152A /* PopularCard.swift */,
				61F76FD52C45AFBB004F152A /* ListCard.swift */,
			);
			path = Cells;
			sourceTree = "<group>";
		};
/* End PBXGroup section */

/* Begin PBXNativeTarget section */
		6153257B2C0D09980023C577 /* E-Library */ = {
			isa = PBXNativeTarget;
			buildConfigurationList = 6153258A2C0D09990023C577 /* Build configuration list for PBXNativeTarget "E-Library" */;
			buildPhases = (
				615325782C0D09980023C577 /* Sources */,
				615325792C0D09980023C577 /* Frameworks */,
				6153257A2C0D09980023C577 /* Resources */,
			);
			buildRules = (
			);
			dependencies = (
			);
			name = "E-Library";
			packageProductDependencies = (
				6153258E2C0D11990023C577 /* RiveRuntime */,
			);
			productName = "E-Library";
			productReference = 6153257C2C0D09980023C577 /* E-Library.app */;
			productType = "com.apple.product-type.application";
		};
/* End PBXNativeTarget section */

/* Begin PBXProject section */
		615325742C0D09980023C577 /* Project object */ = {
			isa = PBXProject;
			attributes = {
				BuildIndependentTargetsInParallel = 1;
				LastSwiftUpdateCheck = 1540;
				LastUpgradeCheck = 1540;
				TargetAttributes = {
					6153257B2C0D09980023C577 = {
						CreatedOnToolsVersion = 15.4;
					};
				};
			};
			buildConfigurationList = 615325772C0D09980023C577 /* Build configuration list for PBXProject "E-Library" */;
			compatibilityVersion = "Xcode 14.0";
			developmentRegion = en;
			hasScannedForEncodings = 0;
			knownRegions = (
				en,
				Base,
			);
			mainGroup = 615325732C0D09980023C577;
			packageReferences = (
				6153258D2C0D11990023C577 /* XCRemoteSwiftPackageReference "rive-ios" */,
			);
			productRefGroup = 6153257D2C0D09980023C577 /* Products */;
			projectDirPath = "";
			projectRoot = "";
			targets = (
				6153257B2C0D09980023C577 /* E-Library */,
			);
		};
/* End PBXProject section */

/* Begin PBXResourcesBuildPhase section */
		6153257A2C0D09980023C577 /* Resources */ = {
			isa = PBXResourcesBuildPhase;
			buildActionMask = 2147483647;
			files = (
				6153259A2C0D141A0023C577 /* button.riv in Resources */,
				615325872C0D09990023C577 /* Preview Assets.xcassets in Resources */,
				6153259E2C0D141A0023C577 /* icons.riv in Resources */,
				615325AB2C0D9AA50023C577 /* Inter-SemiBold.ttf in Resources */,
				6153259B2C0D141A0023C577 /* check.riv in Resources */,
				615325A02C0D141A0023C577 /* shapes.riv in Resources */,
				615325842C0D09990023C577 /* Assets.xcassets in Resources */,
				615325AC2C0D9AA50023C577 /* Poppins-Bold.ttf in Resources */,
				615325AA2C0D9AA50023C577 /* Inter-Regular.ttf in Resources */,
				6153259D2C0D141A0023C577 /* house.riv in Resources */,
				6153259F2C0D141A0023C577 /* menu_button.riv in Resources */,
				6153259C2C0D141A0023C577 /* confetti.riv in Resources */,
			);
			runOnlyForDeploymentPostprocessing = 0;
		};
/* End PBXResourcesBuildPhase section */

/* Begin PBXSourcesBuildPhase section */
		615325782C0D09980023C577 /* Sources */ = {
			isa = PBXSourcesBuildPhase;
			buildActionMask = 2147483647;
			files = (
				615325B52C0DA2B10023C577 /* CustomFont.swift in Sources */,
				61F76FD42C45AFB1004F152A /* PopularCard.swift in Sources */,
				61FD9CEE2C5E79B0007C4E8C /* WaveShape.swift in Sources */,
				61A47E5F2C6C652900D7709E /* ImagePicker.swift in Sources */,
				61F76FD82C45B2C5004F152A /* HomeView.swift in Sources */,
				61F76FDA2C45B438004F152A /* SideMenu.swift in Sources */,
				615325A52C0D17D10023C577 /* LoginView.swift in Sources */,
				614D0B832C284B9C0007DD9A /* CustomTextField.swift in Sources */,
				61F76FC42C4570C7004F152A /* TabBar.swift in Sources */,
				61FD9CEC2C5E786D007C4E8C /* Category.swift in Sources */,
				61F76FCD2C459D48004F152A /* Home.swift in Sources */,
				61F76FCF2C459D81004F152A /* Section.swift in Sources */,
				615325822C0D09980023C577 /* ContentView.swift in Sources */,
				615325802C0D09980023C577 /* E_LibraryApp.swift in Sources */,
				614D0B7E2C283D2C0007DD9A /* SignInView.swift in Sources */,
				614D0B852C285E990007DD9A /* Extensions.swift in Sources */,
				61F76FD62C45AFBB004F152A /* ListCard.swift in Sources */,
				61F76FDC2C45D913004F152A /* CategoryView.swift in Sources */,
			);
			runOnlyForDeploymentPostprocessing = 0;
		};
/* End PBXSourcesBuildPhase section */

/* Begin XCBuildConfiguration section */
		615325882C0D09990023C577 /* Debug */ = {
			isa = XCBuildConfiguration;
			buildSettings = {
				ALWAYS_SEARCH_USER_PATHS = NO;
				ASSETCATALOG_COMPILER_GENERATE_SWIFT_ASSET_SYMBOL_EXTENSIONS = YES;
				CLANG_ANALYZER_NONNULL = YES;
				CLANG_ANALYZER_NUMBER_OBJECT_CONVERSION = YES_AGGRESSIVE;
				CLANG_CXX_LANGUAGE_STANDARD = "gnu++20";
				CLANG_ENABLE_MODULES = YES;
				CLANG_ENABLE_OBJC_ARC = YES;
				CLANG_ENABLE_OBJC_WEAK = YES;
				CLANG_WARN_BLOCK_CAPTURE_AUTORELEASING = YES;
				CLANG_WARN_BOOL_CONVERSION = YES;
				CLANG_WARN_COMMA = YES;
				CLANG_WARN_CONSTANT_CONVERSION = YES;
				CLANG_WARN_DEPRECATED_OBJC_IMPLEMENTATIONS = YES;
				CLANG_WARN_DIRECT_OBJC_ISA_USAGE = YES_ERROR;
				CLANG_WARN_DOCUMENTATION_COMMENTS = YES;
				CLANG_WARN_EMPTY_BODY = YES;
				CLANG_WARN_ENUM_CONVERSION = YES;
				CLANG_WARN_INFINITE_RECURSION = YES;
				CLANG_WARN_INT_CONVERSION = YES;
				CLANG_WARN_NON_LITERAL_NULL_CONVERSION = YES;
				CLANG_WARN_OBJC_IMPLICIT_RETAIN_SELF = YES;
				CLANG_WARN_OBJC_LITERAL_CONVERSION = YES;
				CLANG_WARN_OBJC_ROOT_CLASS = YES_ERROR;
				CLANG_WARN_QUOTED_INCLUDE_IN_FRAMEWORK_HEADER = YES;
				CLANG_WARN_RANGE_LOOP_ANALYSIS = YES;
				CLANG_WARN_STRICT_PROTOTYPES = YES;
				CLANG_WARN_SUSPICIOUS_MOVE = YES;
				CLANG_WARN_UNGUARDED_AVAILABILITY = YES_AGGRESSIVE;
				CLANG_WARN_UNREACHABLE_CODE = YES;
				CLANG_WARN__DUPLICATE_METHOD_MATCH = YES;
				COPY_PHASE_STRIP = NO;
				DEBUG_INFORMATION_FORMAT = dwarf;
				ENABLE_STRICT_OBJC_MSGSEND = YES;
				ENABLE_TESTABILITY = YES;
				ENABLE_USER_SCRIPT_SANDBOXING = YES;
				GCC_C_LANGUAGE_STANDARD = gnu17;
				GCC_DYNAMIC_NO_PIC = NO;
				GCC_NO_COMMON_BLOCKS = YES;
				GCC_OPTIMIZATION_LEVEL = 0;
				GCC_PREPROCESSOR_DEFINITIONS = (
					"DEBUG=1",
					"$(inherited)",
				);
				GCC_WARN_64_TO_32_BIT_CONVERSION = YES;
				GCC_WARN_ABOUT_RETURN_TYPE = YES_ERROR;
				GCC_WARN_UNDECLARED_SELECTOR = YES;
				GCC_WARN_UNINITIALIZED_AUTOS = YES_AGGRESSIVE;
				GCC_WARN_UNUSED_FUNCTION = YES;
				GCC_WARN_UNUSED_VARIABLE = YES;
				IPHONEOS_DEPLOYMENT_TARGET = 17.5;
				LOCALIZATION_PREFERS_STRING_CATALOGS = YES;
				MTL_ENABLE_DEBUG_INFO = INCLUDE_SOURCE;
				MTL_FAST_MATH = YES;
				ONLY_ACTIVE_ARCH = YES;
				SDKROOT = iphoneos;
				SWIFT_ACTIVE_COMPILATION_CONDITIONS = "DEBUG $(inherited)";
				SWIFT_OPTIMIZATION_LEVEL = "-Onone";
			};
			name = Debug;
		};
		615325892C0D09990023C577 /* Release */ = {
			isa = XCBuildConfiguration;
			buildSettings = {
				ALWAYS_SEARCH_USER_PATHS = NO;
				ASSETCATALOG_COMPILER_GENERATE_SWIFT_ASSET_SYMBOL_EXTENSIONS = YES;
				CLANG_ANALYZER_NONNULL = YES;
				CLANG_ANALYZER_NUMBER_OBJECT_CONVERSION = YES_AGGRESSIVE;
				CLANG_CXX_LANGUAGE_STANDARD = "gnu++20";
				CLANG_ENABLE_MODULES = YES;
				CLANG_ENABLE_OBJC_ARC = YES;
				CLANG_ENABLE_OBJC_WEAK = YES;
				CLANG_WARN_BLOCK_CAPTURE_AUTORELEASING = YES;
				CLANG_WARN_BOOL_CONVERSION = YES;
				CLANG_WARN_COMMA = YES;
				CLANG_WARN_CONSTANT_CONVERSION = YES;
				CLANG_WARN_DEPRECATED_OBJC_IMPLEMENTATIONS = YES;
				CLANG_WARN_DIRECT_OBJC_ISA_USAGE = YES_ERROR;
				CLANG_WARN_DOCUMENTATION_COMMENTS = YES;
				CLANG_WARN_EMPTY_BODY = YES;
				CLANG_WARN_ENUM_CONVERSION = YES;
				CLANG_WARN_INFINITE_RECURSION = YES;
				CLANG_WARN_INT_CONVERSION = YES;
				CLANG_WARN_NON_LITERAL_NULL_CONVERSION = YES;
				CLANG_WARN_OBJC_IMPLICIT_RETAIN_SELF = YES;
				CLANG_WARN_OBJC_LITERAL_CONVERSION = YES;
				CLANG_WARN_OBJC_ROOT_CLASS = YES_ERROR;
				CLANG_WARN_QUOTED_INCLUDE_IN_FRAMEWORK_HEADER = YES;
				CLANG_WARN_RANGE_LOOP_ANALYSIS = YES;
				CLANG_WARN_STRICT_PROTOTYPES = YES;
				CLANG_WARN_SUSPICIOUS_MOVE = YES;
				CLANG_WARN_UNGUARDED_AVAILABILITY = YES_AGGRESSIVE;
				CLANG_WARN_UNREACHABLE_CODE = YES;
				CLANG_WARN__DUPLICATE_METHOD_MATCH = YES;
				COPY_PHASE_STRIP = NO;
				DEBUG_INFORMATION_FORMAT = "dwarf-with-dsym";
				ENABLE_NS_ASSERTIONS = NO;
				ENABLE_STRICT_OBJC_MSGSEND = YES;
				ENABLE_USER_SCRIPT_SANDBOXING = YES;
				GCC_C_LANGUAGE_STANDARD = gnu17;
				GCC_NO_COMMON_BLOCKS = YES;
				GCC_WARN_64_TO_32_BIT_CONVERSION = YES;
				GCC_WARN_ABOUT_RETURN_TYPE = YES_ERROR;
				GCC_WARN_UNDECLARED_SELECTOR = YES;
				GCC_WARN_UNINITIALIZED_AUTOS = YES_AGGRESSIVE;
				GCC_WARN_UNUSED_FUNCTION = YES;
				GCC_WARN_UNUSED_VARIABLE = YES;
				IPHONEOS_DEPLOYMENT_TARGET = 17.5;
				LOCALIZATION_PREFERS_STRING_CATALOGS = YES;
				MTL_ENABLE_DEBUG_INFO = NO;
				MTL_FAST_MATH = YES;
				SDKROOT = iphoneos;
				SWIFT_COMPILATION_MODE = wholemodule;
				VALIDATE_PRODUCT = YES;
			};
			name = Release;
		};
		6153258B2C0D09990023C577 /* Debug */ = {
			isa = XCBuildConfiguration;
			buildSettings = {
				ASSETCATALOG_COMPILER_APPICON_NAME = AppIcon;
				ASSETCATALOG_COMPILER_GLOBAL_ACCENT_COLOR_NAME = AccentColor;
				CODE_SIGN_STYLE = Automatic;
				CURRENT_PROJECT_VERSION = 1;
				DEVELOPMENT_ASSET_PATHS = "\"E-Library/Preview Content\"";
				DEVELOPMENT_TEAM = 4866964873;
				ENABLE_PREVIEWS = YES;
				GENERATE_INFOPLIST_FILE = YES;
				INFOPLIST_FILE = "E-Library/Info.plist";
				INFOPLIST_KEY_UIApplicationSceneManifest_Generation = YES;
				INFOPLIST_KEY_UIApplicationSupportsIndirectInputEvents = YES;
				INFOPLIST_KEY_UILaunchScreen_Generation = YES;
				INFOPLIST_KEY_UISupportedInterfaceOrientations_iPad = "UIInterfaceOrientationPortrait UIInterfaceOrientationPortraitUpsideDown UIInterfaceOrientationLandscapeLeft UIInterfaceOrientationLandscapeRight";
				INFOPLIST_KEY_UISupportedInterfaceOrientations_iPhone = "UIInterfaceOrientationPortrait UIInterfaceOrientationLandscapeLeft UIInterfaceOrientationLandscapeRight";
				LD_RUNPATH_SEARCH_PATHS = (
					"$(inherited)",
					"@executable_path/Frameworks",
				);
				MARKETING_VERSION = 1.0;
				PRODUCT_BUNDLE_IDENTIFIER = "com.IremSever.E-Library";
				PRODUCT_NAME = "$(TARGET_NAME)";
				SWIFT_EMIT_LOC_STRINGS = YES;
				SWIFT_VERSION = 5.0;
				TARGETED_DEVICE_FAMILY = "1,2";
			};
			name = Debug;
		};
		6153258C2C0D09990023C577 /* Release */ = {
			isa = XCBuildConfiguration;
			buildSettings = {
				ASSETCATALOG_COMPILER_APPICON_NAME = AppIcon;
				ASSETCATALOG_COMPILER_GLOBAL_ACCENT_COLOR_NAME = AccentColor;
				CODE_SIGN_STYLE = Automatic;
				CURRENT_PROJECT_VERSION = 1;
				DEVELOPMENT_ASSET_PATHS = "\"E-Library/Preview Content\"";
				DEVELOPMENT_TEAM = 4866964873;
				ENABLE_PREVIEWS = YES;
				GENERATE_INFOPLIST_FILE = YES;
				INFOPLIST_FILE = "E-Library/Info.plist";
				INFOPLIST_KEY_UIApplicationSceneManifest_Generation = YES;
				INFOPLIST_KEY_UIApplicationSupportsIndirectInputEvents = YES;
				INFOPLIST_KEY_UILaunchScreen_Generation = YES;
				INFOPLIST_KEY_UISupportedInterfaceOrientations_iPad = "UIInterfaceOrientationPortrait UIInterfaceOrientationPortraitUpsideDown UIInterfaceOrientationLandscapeLeft UIInterfaceOrientationLandscapeRight";
				INFOPLIST_KEY_UISupportedInterfaceOrientations_iPhone = "UIInterfaceOrientationPortrait UIInterfaceOrientationLandscapeLeft UIInterfaceOrientationLandscapeRight";
				LD_RUNPATH_SEARCH_PATHS = (
					"$(inherited)",
					"@executable_path/Frameworks",
				);
				MARKETING_VERSION = 1.0;
				PRODUCT_BUNDLE_IDENTIFIER = "com.IremSever.E-Library";
				PRODUCT_NAME = "$(TARGET_NAME)";
				SWIFT_EMIT_LOC_STRINGS = YES;
				SWIFT_VERSION = 5.0;
				TARGETED_DEVICE_FAMILY = "1,2";
			};
			name = Release;
		};
/* End XCBuildConfiguration section */

/* Begin XCConfigurationList section */
		615325772C0D09980023C577 /* Build configuration list for PBXProject "E-Library" */ = {
			isa = XCConfigurationList;
			buildConfigurations = (
				615325882C0D09990023C577 /* Debug */,
				615325892C0D09990023C577 /* Release */,
			);
			defaultConfigurationIsVisible = 0;
			defaultConfigurationName = Release;
		};
		6153258A2C0D09990023C577 /* Build configuration list for PBXNativeTarget "E-Library" */ = {
			isa = XCConfigurationList;
			buildConfigurations = (
				6153258B2C0D09990023C577 /* Debug */,
				6153258C2C0D09990023C577 /* Release */,
			);
			defaultConfigurationIsVisible = 0;
			defaultConfigurationName = Release;
		};
/* End XCConfigurationList section */

/* Begin XCRemoteSwiftPackageReference section */
		6153258D2C0D11990023C577 /* XCRemoteSwiftPackageReference "rive-ios" */ = {
			isa = XCRemoteSwiftPackageReference;
			repositoryURL = "https://github.com/rive-app/rive-ios";
			requirement = {
				branch = main;
				kind = branch;
			};
		};
/* End XCRemoteSwiftPackageReference section */

/* Begin XCSwiftPackageProductDependency section */
		6153258E2C0D11990023C577 /* RiveRuntime */ = {
			isa = XCSwiftPackageProductDependency;
			package = 6153258D2C0D11990023C577 /* XCRemoteSwiftPackageReference "rive-ios" */;
			productName = RiveRuntime;
		};
/* End XCSwiftPackageProductDependency section */
	};
	rootObject = 615325742C0D09980023C577 /* Project object */;
}
